
Microsoft Visual Studio Solution File, Format Version 12.00
# Visual Studio Version 17
VisualStudioVersion = 17.0.31912.275
MinimumVisualStudioVersion = 10.0.40219.1
Project("{9A19103F-16F7-4668-BE54-9A1E7A4F7556}") = "RegnalHome.Server", "RegnalHome.Server\RegnalHome.Server.csproj", "{A1FAE769-B989-415B-8B52-6970263E025D}"
EndProject
Project("{9A19103F-16F7-4668-BE54-9A1E7A4F7556}") = "RegnalHome.Common", "RegnalHome.Common\RegnalHome.Common.csproj", "{2AB88748-FE31-4F63-8B8E-CC801654393F}"
EndProject
Project("{9A19103F-16F7-4668-BE54-9A1E7A4F7556}") = "RegnalHome.GrpcSim", "RegnalHome.GrpcSim\RegnalHome.GrpcSim.csproj", "{7003A302-1D9F-4207-8BEF-0473718C5784}"
EndProject
Global
	GlobalSection(SolutionConfigurationPlatforms) = preSolution
		Debug|Any CPU = Debug|Any CPU
		Release|Any CPU = Release|Any CPU
	EndGlobalSection
	GlobalSection(ProjectConfigurationPlatforms) = postSolution
		{A1FAE769-B989-415B-8B52-6970263E025D}.Debug|Any CPU.ActiveCfg = Debug|Any CPU
		{A1FAE769-B989-415B-8B52-6970263E025D}.Debug|Any CPU.Build.0 = Debug|Any CPU
		{A1FAE769-B989-415B-8B52-6970263E025D}.Release|Any CPU.ActiveCfg = Release|Any CPU
		{A1FAE769-B989-415B-8B52-6970263E025D}.Release|Any CPU.Build.0 = Release|Any CPU
		{2AB88748-FE31-4F63-8B8E-CC801654393F}.Debug|Any CPU.ActiveCfg = Debug|Any CPU
		{2AB88748-FE31-4F63-8B8E-CC801654393F}.Debug|Any CPU.Build.0 = Debug|Any CPU
		{2AB88748-FE31-4F63-8B8E-CC801654393F}.Release|Any CPU.ActiveCfg = Release|Any CPU
		{2AB88748-FE31-4F63-8B8E-CC801654393F}.Release|Any CPU.Build.0 = Release|Any CPU
		{7003A302-1D9F-4207-8BEF-0473718C5784}.Debug|Any CPU.ActiveCfg = Debug|Any CPU
		{7003A302-1D9F-4207-8BEF-0473718C5784}.Debug|Any CPU.Build.0 = Debug|Any CPU
		{7003A302-1D9F-4207-8BEF-0473718C5784}.Release|Any CPU.ActiveCfg = Release|Any CPU
		{7003A302-1D9F-4207-8BEF-0473718C5784}.Release|Any CPU.Build.0 = Release|Any CPU
	EndGlobalSection
	GlobalSection(SolutionProperties) = preSolution
		HideSolutionNode = FALSE
	EndGlobalSection
	GlobalSection(ExtensibilityGlobals) = postSolution
		SolutionGuid = {949EFF62-B994-48C3-A7EE-040255E3FC42}
	EndGlobalSection
EndGlobal
