
Microsoft Visual Studio Solution File, Format Version 12.00
# Visual Studio Version 17
VisualStudioVersion = 17.0.31912.275
MinimumVisualStudioVersion = 10.0.40219.1
Project("{9A19103F-16F7-4668-BE54-9A1E7A4F7556}") = "RegnalHome.Common", "RegnalHome.Common\RegnalHome.Common.csproj", "{2AB88748-FE31-4F63-8B8E-CC801654393F}"
EndProject
Project("{9A19103F-16F7-4668-BE54-9A1E7A4F7556}") = "RegnalHome.GrpcSim", "RegnalHome.GrpcSim\RegnalHome.GrpcSim.csproj", "{7003A302-1D9F-4207-8BEF-0473718C5784}"
EndProject
Project("{E53339B2-1760-4266-BCC7-CA923CBCF16C}") = "docker-compose", "docker-compose.dcproj", "{512EE67C-DFCF-4616-BEA3-8F15DD7CCEBD}"
EndProject
Project("{9A19103F-16F7-4668-BE54-9A1E7A4F7556}") = "RegnalHome.Server", "RegnalHome.Server\RegnalHome.Server.csproj", "{7088B313-F881-41F3-B087-AD68198B0652}"
EndProject
Project("{FAE04EC0-301F-11D3-BF4B-00C04F79EFBC}") = "RegnalHome.App_29_04_22", "RegnalHome.App_29_04_22\RegnalHome.App_29_04_22.csproj", "{2C913507-D8CC-45E0-B101-3AC824ACBA82}"
EndProject
Global
	GlobalSection(SolutionConfigurationPlatforms) = preSolution
		Debug|Any CPU = Debug|Any CPU
		Release|Any CPU = Release|Any CPU
	EndGlobalSection
	GlobalSection(ProjectConfigurationPlatforms) = postSolution
		{2AB88748-FE31-4F63-8B8E-CC801654393F}.Debug|Any CPU.ActiveCfg = Debug|Any CPU
		{2AB88748-FE31-4F63-8B8E-CC801654393F}.Debug|Any CPU.Build.0 = Debug|Any CPU
		{2AB88748-FE31-4F63-8B8E-CC801654393F}.Release|Any CPU.ActiveCfg = Release|Any CPU
		{2AB88748-FE31-4F63-8B8E-CC801654393F}.Release|Any CPU.Build.0 = Release|Any CPU
		{7003A302-1D9F-4207-8BEF-0473718C5784}.Debug|Any CPU.ActiveCfg = Debug|Any CPU
		{7003A302-1D9F-4207-8BEF-0473718C5784}.Debug|Any CPU.Build.0 = Debug|Any CPU
		{7003A302-1D9F-4207-8BEF-0473718C5784}.Release|Any CPU.ActiveCfg = Release|Any CPU
		{7003A302-1D9F-4207-8BEF-0473718C5784}.Release|Any CPU.Build.0 = Release|Any CPU
		{512EE67C-DFCF-4616-BEA3-8F15DD7CCEBD}.Debug|Any CPU.ActiveCfg = Debug|Any CPU
		{512EE67C-DFCF-4616-BEA3-8F15DD7CCEBD}.Debug|Any CPU.Build.0 = Debug|Any CPU
		{512EE67C-DFCF-4616-BEA3-8F15DD7CCEBD}.Release|Any CPU.ActiveCfg = Release|Any CPU
		{512EE67C-DFCF-4616-BEA3-8F15DD7CCEBD}.Release|Any CPU.Build.0 = Release|Any CPU
		{7088B313-F881-41F3-B087-AD68198B0652}.Debug|Any CPU.ActiveCfg = Debug|Any CPU
		{7088B313-F881-41F3-B087-AD68198B0652}.Debug|Any CPU.Build.0 = Debug|Any CPU
		{7088B313-F881-41F3-B087-AD68198B0652}.Release|Any CPU.ActiveCfg = Release|Any CPU
		{7088B313-F881-41F3-B087-AD68198B0652}.Release|Any CPU.Build.0 = Release|Any CPU
		{2C913507-D8CC-45E0-B101-3AC824ACBA82}.Debug|Any CPU.ActiveCfg = Debug|Any CPU
		{2C913507-D8CC-45E0-B101-3AC824ACBA82}.Debug|Any CPU.Build.0 = Debug|Any CPU
		{2C913507-D8CC-45E0-B101-3AC824ACBA82}.Debug|Any CPU.Deploy.0 = Debug|Any CPU
		{2C913507-D8CC-45E0-B101-3AC824ACBA82}.Release|Any CPU.ActiveCfg = Release|Any CPU
		{2C913507-D8CC-45E0-B101-3AC824ACBA82}.Release|Any CPU.Build.0 = Release|Any CPU
		{2C913507-D8CC-45E0-B101-3AC824ACBA82}.Release|Any CPU.Deploy.0 = Release|Any CPU
	EndGlobalSection
	GlobalSection(SolutionProperties) = preSolution
		HideSolutionNode = FALSE
	EndGlobalSection
	GlobalSection(ExtensibilityGlobals) = postSolution
		SolutionGuid = {949EFF62-B994-48C3-A7EE-040255E3FC42}
	EndGlobalSection
EndGlobal
